
Microsoft Visual Studio Solution File, Format Version 12.00
Project("{FAE04EC0-301F-11D3-BF4B-00C04F79EFBC}") = "TipCalculator", "TipCalculator\TipCalculator.csproj", "{DEAFE332-E073-41E8-A173-B0EB37F42214}"
EndProject
Global
	GlobalSection(SolutionConfigurationPlatforms) = preSolution
		Debug|Any CPU = Debug|Any CPU
		Release|Any CPU = Release|Any CPU
	EndGlobalSection
	GlobalSection(ProjectConfigurationPlatforms) = postSolution
		{DEAFE332-E073-41E8-A173-B0EB37F42214}.Debug|Any CPU.ActiveCfg = Debug|Any CPU
		{DEAFE332-E073-41E8-A173-B0EB37F42214}.Debug|Any CPU.Build.0 = Debug|Any CPU
		{DEAFE332-E073-41E8-A173-B0EB37F42214}.Release|Any CPU.ActiveCfg = Release|Any CPU
		{DEAFE332-E073-41E8-A173-B0EB37F42214}.Release|Any CPU.Build.0 = Release|Any CPU
	EndGlobalSection
EndGlobal
